github.com/coderguang/GameEngine_go v1.0.0 h1:akSUBuLtSNuULRu5ThJYxbdMkLYm9W7gq4Bwe+Hhbz8=
github.com/coderguang/GameEngine_go v1.0.0/go.mod h1:yogvqSLKpsN1LSr+4c/z0gh0kq64eb/78tf++ZD5aWs=
github.com/coderguang/GameEngine_go v1.0.1 h1:HTxaOe07JrMUMA3E+CTraPkHbavrX2QD2/wpm2rN36A=
github.com/coderguang/GameEngine_go v1.0.1/go.mod h1:yogvqSLKpsN1LSr+4c/z0gh0kq64eb/78tf++ZD5aWs=
github.com/go-sql-driver/mysql v1.4.1 h1:g24URVg0OFbNUTx9qqY1IRZ9D9z3iPyi5zKhQZpNwpA=
github.com/go-sql-driver/mysql v1.4.1/go.mod h1:zAC/RDZ24gD3HViQzih4MyKcchzm+sOG5ZlKdlhCg5w=
